
Microsoft Visual Studio Solution File, Format Version 12.00
# Visual Studio Version 17
VisualStudioVersion = 17.5.002.0
MinimumVisualStudioVersion = 10.0.40219.1
Project("{9A19103F-16F7-4668-BE54-9A1E7A4F7556}") = "TrilhaApiDesafio", "TrilhaApiDesafio.csproj", "{05D16EA2-94C5-4470-941E-122734FFFE91}"
EndProject
Global
	GlobalSection(SolutionConfigurationPlatforms) = preSolution
		Debug|Any CPU = Debug|Any CPU
		Release|Any CPU = Release|Any CPU
	EndGlobalSection
	GlobalSection(ProjectConfigurationPlatforms) = postSolution
		{05D16EA2-94C5-4470-941E-122734FFFE91}.Debug|Any CPU.ActiveCfg = Debug|Any CPU
		{05D16EA2-94C5-4470-941E-122734FFFE91}.Debug|Any CPU.Build.0 = Debug|Any CPU
		{05D16EA2-94C5-4470-941E-122734FFFE91}.Release|Any CPU.ActiveCfg = Release|Any CPU
		{05D16EA2-94C5-4470-941E-122734FFFE91}.Release|Any CPU.Build.0 = Release|Any CPU
	EndGlobalSection
	GlobalSection(SolutionProperties) = preSolution
		HideSolutionNode = FALSE
	EndGlobalSection
	GlobalSection(ExtensibilityGlobals) = postSolution
		SolutionGuid = {030DD770-25B1-4A31-AAD8-ACEB3DB8BF65}
	EndGlobalSection
EndGlobal
